
Microsoft Visual Studio Solution File, Format Version 12.00
Project("{FAE04EC0-301F-11D3-BF4B-00C04F79EFBC}") = "FileHostingApi", "FileHostingApi.csproj", "{395927F1-2B69-48DA-A87D-891F0BF62B30}"
EndProject
Global
	GlobalSection(SolutionConfigurationPlatforms) = preSolution
		Debug|Any CPU = Debug|Any CPU
		Release|Any CPU = Release|Any CPU
	EndGlobalSection
	GlobalSection(ProjectConfigurationPlatforms) = postSolution
		{395927F1-2B69-48DA-A87D-891F0BF62B30}.Debug|Any CPU.ActiveCfg = Debug|Any CPU
		{395927F1-2B69-48DA-A87D-891F0BF62B30}.Debug|Any CPU.Build.0 = Debug|Any CPU
		{395927F1-2B69-48DA-A87D-891F0BF62B30}.Release|Any CPU.ActiveCfg = Release|Any CPU
		{395927F1-2B69-48DA-A87D-891F0BF62B30}.Release|Any CPU.Build.0 = Release|Any CPU
	EndGlobalSection
EndGlobal
